# THIS IS AN AUTOGENERATED FILE. DO NOT EDIT THIS FILE DIRECTLY.
# yarn lockfile v1


"@algolia/cache-browser-local-storage@4.2.0":
  version "4.2.0"
  resolved "https://registry.yarnpkg.com/@algolia/cache-browser-local-storage/-/cache-browser-local-storage-4.2.0.tgz#45cc4be4c8fcd69cb98ebaa2e78a459a1cf6ba64"
  integrity sha512-uji5zxBxwNu8qKtyqghg9lUsN0OOZ58NfRKk0Il4IZCcCo78E0KfT3Uxr7XiYCJMRnqIsvbKWf0xA67tYNBSbA==
  dependencies:
    "@algolia/cache-common" "4.2.0"

"@algolia/cache-common@4.2.0":
  version "4.2.0"
  resolved "https://registry.yarnpkg.com/@algolia/cache-common/-/cache-common-4.2.0.tgz#ada18e559f205a63eaf60c21a035b3d41f0f8d7d"
  integrity sha512-ATBQCBBLt4hPNKIKn06y5zqZPWQmI+PBF0287rFVj8BGmEr82BzoKMa5XIkvgpjtxwx6c5nSKxZaYkEFqtrxtQ==

"@algolia/cache-in-memory@4.2.0":
  version "4.2.0"
  resolved "https://registry.yarnpkg.com/@algolia/cache-in-memory/-/cache-in-memory-4.2.0.tgz#82f07cc99aee9e20a96bdd69c635bdd2dc4288f1"
  integrity sha512-NsVOR6ixK6jvurLW+1+h80/9N18QjU/AXdAZJoVeu4JXb2NPuej4Ld1zXFYvz/ypCFQE+dU8haaQnJIuTbD4vg==
  dependencies:
    "@algolia/cache-common" "4.2.0"

"@algolia/client-account@4.2.0":
  version "4.2.0"
  resolved "https://registry.yarnpkg.com/@algolia/client-account/-/client-account-4.2.0.tgz#7abf3dd8922fde1735b1e0d19e8b0bdbf64a1435"
  integrity sha512-xz5OXU9DQ9pegABAgmTPV23f9tXmbUPO3w5J/b2QcP6jzfNnNfW3CkTwywgNLr16jIKLxmmClN5yqyJp6XmHBA==
  dependencies:
    "@algolia/client-common" "4.2.0"
    "@algolia/client-search" "4.2.0"
    "@algolia/transporter" "4.2.0"

"@algolia/client-analytics@4.2.0":
  version "4.2.0"
  resolved "https://registry.yarnpkg.com/@algolia/client-analytics/-/client-analytics-4.2.0.tgz#11e9331fed5bbaa6668d71c890dff60c4af1c741"
  integrity sha512-UNuZQOYuKPYl5fCgm1HZzoZ6Ewxtqrc4Cv5Dhdy5VatIV6lYEWOtdn+g+5qvWFGb6fv6688dg5EVJnXZNvVVZQ==
  dependencies:
    "@algolia/client-common" "4.2.0"
    "@algolia/client-search" "4.2.0"
    "@algolia/requester-common" "4.2.0"
    "@algolia/transporter" "4.2.0"

"@algolia/client-common@4.2.0":
  version "4.2.0"
  resolved "https://registry.yarnpkg.com/@algolia/client-common/-/client-common-4.2.0.tgz#bf8a550dc51927bb103de9aab7e6ac4d90a9cf0d"
  integrity sha512-KxZTWXf9FSl188iTAz9rhTMeBtbF/uaJcxw99jbWHxyK9KR87obZzTlTFYnIWLEBaTG1MmlgPSsDogAE4CHLOQ==
  dependencies:
    "@algolia/requester-common" "4.2.0"
    "@algolia/transporter" "4.2.0"

"@algolia/client-recommendation@4.2.0":
  version "4.2.0"
  resolved "https://registry.yarnpkg.com/@algolia/client-recommendation/-/client-recommendation-4.2.0.tgz#bd49b5b9601fe4220ba6db0fc397d816584ee4ec"
  integrity sha512-5QwvUJ5hpZVDz99o+EPgMg+z7maLWOZGUrUt5z8s+esl+taTb2h1PtyLpikAvC2d/BjYCEKyObTiRDYdzhqcoA==
  dependencies:
    "@algolia/client-common" "4.2.0"
    "@algolia/requester-common" "4.2.0"
    "@algolia/transporter" "4.2.0"

"@algolia/client-search@4.2.0":
  version "4.2.0"
  resolved "https://registry.yarnpkg.com/@algolia/client-search/-/client-search-4.2.0.tgz#4917499cac66a5cca7f2ca9d1334bffc96a79b17"
  integrity sha512-2SAz1/undr+RM7FNj3G0taWFG+8QEMQcYHxUhoOJKMIY9sPQN7UNCJRHYsulM+/g45oF67tXX09NSt14ewen0Q==
  dependencies:
    "@algolia/client-common" "4.2.0"
    "@algolia/requester-common" "4.2.0"
    "@algolia/transporter" "4.2.0"

"@algolia/logger-common@4.2.0":
  version "4.2.0"
  resolved "https://registry.yarnpkg.com/@algolia/logger-common/-/logger-common-4.2.0.tgz#dd373b267594656d72a1563f6621ab7f727c4373"
  integrity sha512-VQcJE5lr78oc+lbcGfPonCDTRwLNSxwtPrUP6Tj+CoDedsVHZhODAlHzLHhxc4vuyrU7xomvKJLqTUgfDNxzXQ==

"@algolia/logger-console@4.2.0":
  version "4.2.0"
  resolved "https://registry.yarnpkg.com/@algolia/logger-console/-/logger-console-4.2.0.tgz#10e18ab75f60fd0f2e2b16cb9a1b0bcc947087f2"
  integrity sha512-/1GE43jY0xKfJUi5ZGtEqq+oTyOzs+EgGKj7/zEHIpUc5NyxokIPWTqt3q6pzGSWFEkNbaA1gAVgXM1zCMVWYw==
  dependencies:
    "@algolia/logger-common" "4.2.0"

"@algolia/requester-browser-xhr@4.2.0":
  version "4.2.0"
  resolved "https://registry.yarnpkg.com/@algolia/requester-browser-xhr/-/requester-browser-xhr-4.2.0.tgz#c2a7982bef940e1749f2ba2aa04e3f8a971b6a78"
  integrity sha512-+PZKOe+UBdZYQg/h/8AbKQ2Ha4uDeoLnpZFv00IMr/elym0m2hl76xAeIBiIqGYsLCmGybGBFUF9n1imsKJUJQ==
  dependencies:
    "@algolia/requester-common" "4.2.0"

"@algolia/requester-common@4.2.0":
  version "4.2.0"
  resolved "https://registry.yarnpkg.com/@algolia/requester-common/-/requester-common-4.2.0.tgz#df67a940516d5a313bbf79bcbceddadfff9f8ce2"
  integrity sha512-SSKPRM/7UP54/dxyK6EYt4p6nTeJxYb1P6xVh/Ic6noBTCfqg5vBEKDa1DZD5MBtCvABoODd97UOfAo3ECG/jg==

"@algolia/requester-node-http@4.2.0":
  version "4.2.0"
  resolved "https://registry.yarnpkg.com/@algolia/requester-node-http/-/requester-node-http-4.2.0.tgz#e26efd3d630b7c988bcc9cda3a8ee68ab4a168dd"
  integrity sha512-mRQgSM8qrMfjXaBnMjTmymR0NKwbr82Qwh1a5TgYyzMOBuRO5nRikawvTVgpNaEnQS0uesIiwd2ohOJ2gNu6oA==
  dependencies:
    "@algolia/requester-common" "4.2.0"

"@algolia/transporter@4.2.0":
  version "4.2.0"
  resolved "https://registry.yarnpkg.com/@algolia/transporter/-/transporter-4.2.0.tgz#9e6bea3304f1e6f4a64a3d7c1f9de047ba89056f"
  integrity sha512-7CiwMYsEhrHySA8q70euIYOyhGtz/wz+MEC3nwGONBC82nGI6ntVqTFhCkpLIJqqbGbNlFgnCpwnLmSqLhRP3A==
  dependencies:
    "@algolia/cache-common" "4.2.0"
    "@algolia/logger-common" "4.2.0"
    "@algolia/requester-common" "4.2.0"

"@commercetools/api-request-builder@^5.6.1":
  version "5.6.1"
  resolved "https://registry.yarnpkg.com/@commercetools/api-request-builder/-/api-request-builder-5.6.1.tgz#667737ac56c08d38ee851f7c2d2bc5bb91b47abc"
  integrity sha512-T7Y2Szfs43HkGFCi20nwBT9XRrZEr6e1kbp2rQYpw7sQLcLU6fIGraWrihXZvkLMar246X6tFHFBO5c5koXSKw==

"@commercetools/sdk-client@^2.1.2":
  version "2.1.2"
  resolved "https://registry.yarnpkg.com/@commercetools/sdk-client/-/sdk-client-2.1.2.tgz#fe1e442f67a385f103470669784c0fa20d7a2314"
  integrity sha512-YPpK39pkjfedjS1/BFg2d7CrvTeN7vIS5vfiqEkKOtAoUxiNkugv59gRSoh2Em8SOccxyM/skpgHyTqfmJzXug==

"@commercetools/sdk-middleware-auth@^6.1.4":
  version "6.1.4"
  resolved "https://registry.yarnpkg.com/@commercetools/sdk-middleware-auth/-/sdk-middleware-auth-6.1.4.tgz#c5f464ae1627336715681e4590b63777e034c890"
  integrity sha512-49R1DWsA+pNHH7/2K6QU5wnJSXabljKA8dvzs5HcbLwutlDp3Io0XHgIJa9qpfYhgW6k0h9dPICcLbESrQBXYw==
  dependencies:
    node-fetch "^2.3.0"

"@commercetools/sdk-middleware-http@^6.0.7":
  version "6.0.7"
  resolved "https://registry.yarnpkg.com/@commercetools/sdk-middleware-http/-/sdk-middleware-http-6.0.7.tgz#7b35316b3eb0af815898f622de8f51a12c58110c"
  integrity sha512-+SCSGyqH178DxuL/Lk86xzFS2aygNjLKSCLdwZpAJayWe9nU7XsO9ICdkjw43C+gOYKzqCW7JZREfTUPqjRILg==

"@commercetools/sdk-middleware-logger@^2.1.1":
  version "2.1.1"
  resolved "https://registry.yarnpkg.com/@commercetools/sdk-middleware-logger/-/sdk-middleware-logger-2.1.1.tgz#9283fdc8c403a7e2d4d06637e6015770b864e64a"
  integrity sha512-k/Jm3lsWbszPBHtPAvu0rINTq398p4ddv0zbAH8R4p6Yc1GkBEy6tNgHPzX/eFskI/qerPy9IsW1xK8pqgtHHQ==

algoliasearch@^4.2.0:
  version "4.2.0"
  resolved "https://registry.yarnpkg.com/algoliasearch/-/algoliasearch-4.2.0.tgz#dd81a1a0c57eb9f74af6db70b0c11f256692d1e6"
  integrity sha512-CgbyDBGMSzNISBFezPt68xAseknork+wNe/Oour1Hluk4OwbtobysRawFf93ZbLSQw/KbeGlVmVAvujeVIVdnQ==
  dependencies:
    "@algolia/cache-browser-local-storage" "4.2.0"
    "@algolia/cache-common" "4.2.0"
    "@algolia/cache-in-memory" "4.2.0"
    "@algolia/client-account" "4.2.0"
    "@algolia/client-analytics" "4.2.0"
    "@algolia/client-common" "4.2.0"
    "@algolia/client-recommendation" "4.2.0"
    "@algolia/client-search" "4.2.0"
    "@algolia/logger-common" "4.2.0"
    "@algolia/logger-console" "4.2.0"
    "@algolia/requester-browser-xhr" "4.2.0"
    "@algolia/requester-common" "4.2.0"
    "@algolia/requester-node-http" "4.2.0"
    "@algolia/transporter" "4.2.0"

async@^2.6.1:
  version "2.6.3"
  resolved "https://registry.yarnpkg.com/async/-/async-2.6.3.tgz#d72625e2344a3656e3a3ad4fa749fa83299d82ff"
  integrity sha512-zflvls11DCy+dQWzTW2dzuilv8Z5X/pjfmZOWba6TNIVDm+2UDaJmXSOXlasHKfNBs8oo3M0aT50fDEWfKZjXg==
  dependencies:
    lodash "^4.17.14"

aws-sdk@^2.689.0:
  version "2.689.0"
  resolved "https://registry.yarnpkg.com/aws-sdk/-/aws-sdk-2.689.0.tgz#f8833031afd773bfc9503f8d6325186a985d019c"
  integrity sha512-l9kbgZtIbR9dux4JHoxZ3vDWAfGtp34KpDDf5cwYHC5jDTTJoe6XhBBlEDSruwKh1+5DONpSZWNVhDZ6E02ojg==
  dependencies:
    buffer "4.9.2"
    events "1.1.1"
    ieee754 "1.1.13"
    jmespath "0.15.0"
    querystring "0.2.0"
    sax "1.2.1"
    url "0.10.3"
    uuid "3.3.2"
    xml2js "0.4.19"

base64-js@^1.0.2:
  version "1.3.1"
  resolved "https://registry.yarnpkg.com/base64-js/-/base64-js-1.3.1.tgz#58ece8cb75dd07e71ed08c736abc5fac4dbf8df1"
  integrity sha512-mLQ4i2QO1ytvGWFWmcngKO//JXAQueZvwEKtjgQFM4jIK0kU+ytMfplL8j+n5mspOfjHwoAg+9yhb7BwAHm36g==

buffer@4.9.2:
  version "4.9.2"
  resolved "https://registry.yarnpkg.com/buffer/-/buffer-4.9.2.tgz#230ead344002988644841ab0244af8c44bbe3ef8"
  integrity sha512-xq+q3SRMOxGivLhBNaUdC64hDTQwejJ+H0T/NB1XMtTVEwNTrfFF3gAxiyW0Bu/xWEGhjVKgUcMhCrUy2+uCWg==
  dependencies:
    base64-js "^1.0.2"
    ieee754 "^1.1.4"
    isarray "^1.0.0"

color-convert@^1.9.1:
  version "1.9.3"
  resolved "https://registry.yarnpkg.com/color-convert/-/color-convert-1.9.3.tgz#bb71850690e1f136567de629d2d5471deda4c1e8"
  integrity sha512-QfAUtd+vFdAtFQcC8CCyYt1fYWxSqAiK2cSD6zDB8N3cpsEBAvRxp9zOGg6G/SHHJYAT88/az/IuDGALsNVbGg==
  dependencies:
    color-name "1.1.3"

color-name@1.1.3:
  version "1.1.3"
  resolved "https://registry.yarnpkg.com/color-name/-/color-name-1.1.3.tgz#a7d0558bd89c42f795dd42328f740831ca53bc25"
  integrity sha1-p9BVi9icQveV3UIyj3QIMcpTvCU=

color-name@^1.0.0:
  version "1.1.4"
  resolved "https://registry.yarnpkg.com/color-name/-/color-name-1.1.4.tgz#c2a09a87acbde69543de6f63fa3995c826c536a2"
  integrity sha512-dOy+3AuW3a2wNbZHIuMZpTcgjGuLU/uBL/ubcZF9OXbDo8ff4O8yVp5Bf0efS8uEoYo5q4Fx7dY9OgQGXgAsQA==

color-string@^1.5.2:
  version "1.5.3"
  resolved "https://registry.yarnpkg.com/color-string/-/color-string-1.5.3.tgz#c9bbc5f01b58b5492f3d6857459cb6590ce204cc"
  integrity sha512-dC2C5qeWoYkxki5UAXapdjqO672AM4vZuPGRQfO8b5HKuKGBbKWpITyDYN7TOFKvRW7kOgAn3746clDBMDJyQw==
  dependencies:
    color-name "^1.0.0"
    simple-swizzle "^0.2.2"

color@3.0.x:
  version "3.0.0"
  resolved "https://registry.yarnpkg.com/color/-/color-3.0.0.tgz#d920b4328d534a3ac8295d68f7bd4ba6c427be9a"
  integrity sha512-jCpd5+s0s0t7p3pHQKpnJ0TpQKKdleP71LWcA0aqiljpiuAkOSUFN/dyH8ZwF0hRmFlrIuRhufds1QyEP9EB+w==
  dependencies:
    color-convert "^1.9.1"
    color-string "^1.5.2"

colornames@^1.1.1:
  version "1.1.1"
  resolved "https://registry.yarnpkg.com/colornames/-/colornames-1.1.1.tgz#f8889030685c7c4ff9e2a559f5077eb76a816f96"
  integrity sha1-+IiQMGhcfE/54qVZ9Qd+t2qBb5Y=

colors@^1.2.1:
  version "1.4.0"
  resolved "https://registry.yarnpkg.com/colors/-/colors-1.4.0.tgz#c50491479d4c1bdaed2c9ced32cf7c7dc2360f78"
  integrity sha512-a+UqTh4kgZg/SlGvfbzDHpgRu7AAQOmmqRHJnxhRZICKFUT91brVhNNt58CMWU9PsBbv3PDCZUHbVxuDiH2mtA==

colorspace@1.1.x:
  version "1.1.2"
  resolved "https://registry.yarnpkg.com/colorspace/-/colorspace-1.1.2.tgz#e0128950d082b86a2168580796a0aa5d6c68d8c5"
  integrity sha512-vt+OoIP2d76xLhjwbBaucYlNSpPsrJWPlBTtwCpQKIu6/CSMutyzX93O/Do0qzpH3YoHEes8YEFXyZ797rEhzQ==
  dependencies:
    color "3.0.x"
    text-hex "1.0.x"

commander@^5.1.0:
  version "5.1.0"
  resolved "https://registry.yarnpkg.com/commander/-/commander-5.1.0.tgz#46abbd1652f8e059bddaef99bbdcb2ad9cf179ae"
  integrity sha512-P0CysNDQ7rtVw4QIQtm+MRxV66vKFSvlsQvGYXZWR3qFU0jlMKHZZZgw8e+8DSah4UDKMqnknRDQz+xuQXQ/Zg==

core-util-is@~1.0.0:
  version "1.0.2"
  resolved "https://registry.yarnpkg.com/core-util-is/-/core-util-is-1.0.2.tgz#b5fd54220aa2bc5ab57aab7140c940754503c1a7"
  integrity sha1-tf1UIgqivFq1eqtxQMlAdUUDwac=

diagnostics@^1.1.1:
  version "1.1.1"
  resolved "https://registry.yarnpkg.com/diagnostics/-/diagnostics-1.1.1.tgz#cab6ac33df70c9d9a727490ae43ac995a769b22a"
  integrity sha512-8wn1PmdunLJ9Tqbx+Fx/ZEuHfJf4NKSN2ZBj7SJC/OWRWha843+WsTjqMe1B5E3p28jqBlp+mJ2fPVxPyNgYKQ==
  dependencies:
    colorspace "1.1.x"
    enabled "1.0.x"
    kuler "1.0.x"

dotenv@^8.2.0:
  version "8.2.0"
  resolved "https://registry.yarnpkg.com/dotenv/-/dotenv-8.2.0.tgz#97e619259ada750eea3e4ea3e26bceea5424b16a"
  integrity sha512-8sJ78ElpbDJBHNeBzUbUVLsqKdccaa/BXF1uPTw3GrvQTBgrQrtObr2mUrE38vzYd8cEv+m/JBfDLioYcfXoaw==

enabled@1.0.x:
  version "1.0.2"
  resolved "https://registry.yarnpkg.com/enabled/-/enabled-1.0.2.tgz#965f6513d2c2d1c5f4652b64a2e3396467fc2f93"
  integrity sha1-ll9lE9LC0cX0ZStkouM5ZGf8L5M=
  dependencies:
    env-variable "0.0.x"

env-variable@0.0.x:
  version "0.0.6"
  resolved "https://registry.yarnpkg.com/env-variable/-/env-variable-0.0.6.tgz#74ab20b3786c545b62b4a4813ab8cf22726c9808"
  integrity sha512-bHz59NlBbtS0NhftmR8+ExBEekE7br0e01jw+kk0NDro7TtZzBYZ5ScGPs3OmwnpyfHTHOtr1Y6uedCdrIldtg==

events@1.1.1:
  version "1.1.1"
  resolved "https://registry.yarnpkg.com/events/-/events-1.1.1.tgz#9ebdb7635ad099c70dcc4c2a1f5004288e8bd924"
  integrity sha1-nr23Y1rQmccNzEwqH1AEKI6L2SQ=

fast-safe-stringify@^2.0.4:
  version "2.0.7"
  resolved "https://registry.yarnpkg.com/fast-safe-stringify/-/fast-safe-stringify-2.0.7.tgz#124aa885899261f68aedb42a7c080de9da608743"
  integrity sha512-Utm6CdzT+6xsDk2m8S6uL8VHxNwI6Jub+e9NYTcAms28T84pTa25GJQV9j0CY0N1rM8hK4x6grpF2BQf+2qwVA==

fecha@^2.3.3:
  version "2.3.3"
  resolved "https://registry.yarnpkg.com/fecha/-/fecha-2.3.3.tgz#948e74157df1a32fd1b12c3a3c3cdcb6ec9d96cd"
  integrity sha512-lUGBnIamTAwk4znq5BcqsDaxSmZ9nDVJaij6NvRt/Tg4R69gERA+otPKbS86ROw9nxVMw2/mp1fnaiWqbs6Sdg==

ieee754@1.1.13, ieee754@^1.1.4:
  version "1.1.13"
  resolved "https://registry.yarnpkg.com/ieee754/-/ieee754-1.1.13.tgz#ec168558e95aa181fd87d37f55c32bbcb6708b84"
  integrity sha512-4vf7I2LYV/HaWerSo3XmlMkp5eZ83i+/CDluXi/IGTs/O1sejBNhTtnxzmRZfvOUqj7lZjqHkeTvpgSFDlWZTg==

inherits@^2.0.3, inherits@~2.0.3:
  version "2.0.4"
  resolved "https://registry.yarnpkg.com/inherits/-/inherits-2.0.4.tgz#0fa2c64f932917c3433a0ded55363aae37416b7c"
  integrity sha512-k/vGaX4/Yla3WzyMCvTQOXYeIHvqOKtnqBduzTHpzpQZzAskKMhZ2K+EnBiSM9zGSoIFeMpXKxa4dYeZIQqewQ==

is-arrayish@^0.3.1:
  version "0.3.2"
  resolved "https://registry.yarnpkg.com/is-arrayish/-/is-arrayish-0.3.2.tgz#4574a2ae56f7ab206896fb431eaeed066fdf8f03"
  integrity sha512-eVRqCvVlZbuw3GrM63ovNSNAeA1K16kaR/LRY/92w0zxQ5/1YzwblUX652i4Xs9RwAGjW9d9y6X88t8OaAJfWQ==

is-stream@^1.1.0:
  version "1.1.0"
  resolved "https://registry.yarnpkg.com/is-stream/-/is-stream-1.1.0.tgz#12d4a3dd4e68e0b79ceb8dbc84173ae80d91ca44"
  integrity sha1-EtSj3U5o4Lec6428hBc66A2RykQ=

isarray@^1.0.0, isarray@~1.0.0:
  version "1.0.0"
  resolved "https://registry.yarnpkg.com/isarray/-/isarray-1.0.0.tgz#bb935d48582cba168c06834957a54a3e07124f11"
  integrity sha1-u5NdSFgsuhaMBoNJV6VKPgcSTxE=

jmespath@0.15.0:
  version "0.15.0"
  resolved "https://registry.yarnpkg.com/jmespath/-/jmespath-0.15.0.tgz#a3f222a9aae9f966f5d27c796510e28091764217"
  integrity sha1-o/Iiqarp+Wb10nx5ZRDigJF2Qhc=

kuler@1.0.x:
  version "1.0.1"
  resolved "https://registry.yarnpkg.com/kuler/-/kuler-1.0.1.tgz#ef7c784f36c9fb6e16dd3150d152677b2b0228a6"
  integrity sha512-J9nVUucG1p/skKul6DU3PUZrhs0LPulNaeUOox0IyXDi8S4CztTHs1gQphhuZmzXG7VOQSf6NJfKuzteQLv9gQ==
  dependencies:
    colornames "^1.1.1"

lambda-local@^1.7.3:
  version "1.7.3"
  resolved "https://registry.yarnpkg.com/lambda-local/-/lambda-local-1.7.3.tgz#3f7e8e4893184ddf95a731004ee49b75089bf534"
  integrity sha512-T+iwIkuQT0JvTQhvNBTikLhpEJk3ovNoC33niE4QNmYOUrCOdo86PcPkgppOZl+NJXXHebdPHDJ40zqBJ9VMzg==
  dependencies:
    aws-sdk "^2.689.0"
    commander "^5.1.0"
    dotenv "^8.2.0"
    winston "^3.2.1"

lodash@^4.17.14:
  version "4.17.15"
  resolved "https://registry.yarnpkg.com/lodash/-/lodash-4.17.15.tgz#b447f6670a0455bbfeedd11392eff330ea097548"
  integrity sha512-8xOcRHvCjnocdS5cpwXQXVzmmh5e5+saE2QGoeQmbKmRS6J3VQppPOIt0MnmE+4xlZoumy0GPG0D0MVIQbNA1A==

logform@^2.1.1:
  version "2.1.2"
  resolved "https://registry.yarnpkg.com/logform/-/logform-2.1.2.tgz#957155ebeb67a13164069825ce67ddb5bb2dd360"
  integrity sha512-+lZh4OpERDBLqjiwDLpAWNQu6KMjnlXH2ByZwCuSqVPJletw0kTWJf5CgSNAUKn1KUkv3m2cUz/LK8zyEy7wzQ==
  dependencies:
    colors "^1.2.1"
    fast-safe-stringify "^2.0.4"
    fecha "^2.3.3"
    ms "^2.1.1"
    triple-beam "^1.3.0"

ms@^2.1.1:
  version "2.1.2"
  resolved "https://registry.yarnpkg.com/ms/-/ms-2.1.2.tgz#d09d1f357b443f493382a8eb3ccd183872ae6009"
  integrity sha512-sGkPx+VjMtmA6MX27oA4FBFELFCZZ4S4XqeGOXCv68tT+jb3vk/RyaKWP0PTKyWtmLSM0b+adUTEvbs1PEaH2w==

node-fetch@^2.3.0, node-fetch@^2.6.0:
  version "2.6.0"
  resolved "https://registry.yarnpkg.com/node-fetch/-/node-fetch-2.6.0.tgz#e633456386d4aa55863f676a7ab0daa8fdecb0fd"
  integrity sha512-8dG4H5ujfvFiqDmVu9fQ5bOHUC15JMjMY/Zumv26oOvvVJjM67KF8koCWIabKQ1GJIa9r2mMZscBq/TbdOcmNA==

one-time@0.0.4:
  version "0.0.4"
  resolved "https://registry.yarnpkg.com/one-time/-/one-time-0.0.4.tgz#f8cdf77884826fe4dff93e3a9cc37b1e4480742e"
  integrity sha1-+M33eISCb+Tf+T46nMN7HkSAdC4=

process-nextick-args@~2.0.0:
  version "2.0.1"
  resolved "https://registry.yarnpkg.com/process-nextick-args/-/process-nextick-args-2.0.1.tgz#7820d9b16120cc55ca9ae7792680ae7dba6d7fe2"
  integrity sha512-3ouUOpQhtgrbOa17J7+uxOTpITYWaGP7/AhoR3+A+/1e9skrzelGi/dXzEYyvbxubEF6Wn2ypscTKiKJFFn1ag==

punycode@1.3.2:
  version "1.3.2"
  resolved "https://registry.yarnpkg.com/punycode/-/punycode-1.3.2.tgz#9653a036fb7c1ee42342f2325cceefea3926c48d"
  integrity sha1-llOgNvt8HuQjQvIyXM7v6jkmxI0=

querystring@0.2.0:
  version "0.2.0"
  resolved "https://registry.yarnpkg.com/querystring/-/querystring-0.2.0.tgz#b209849203bb25df820da756e747005878521620"
  integrity sha1-sgmEkgO7Jd+CDadW50cAWHhSFiA=

readable-stream@^2.3.6:
  version "2.3.7"
  resolved "https://registry.yarnpkg.com/readable-stream/-/readable-stream-2.3.7.tgz#1eca1cf711aef814c04f62252a36a62f6cb23b57"
  integrity sha512-Ebho8K4jIbHAxnuxi7o42OrZgF/ZTNcsZj6nRKyUmkhLFq8CHItp/fy6hQZuZmP/n3yZ9VBUbp4zz/mX8hmYPw==
  dependencies:
    core-util-is "~1.0.0"
    inherits "~2.0.3"
    isarray "~1.0.0"
    process-nextick-args "~2.0.0"
    safe-buffer "~5.1.1"
    string_decoder "~1.1.1"
    util-deprecate "~1.0.1"

readable-stream@^3.1.1:
  version "3.6.0"
  resolved "https://registry.yarnpkg.com/readable-stream/-/readable-stream-3.6.0.tgz#337bbda3adc0706bd3e024426a286d4b4b2c9198"
  integrity sha512-BViHy7LKeTz4oNnkcLJ+lVSL6vpiFeX6/d3oSH8zCW7UxP2onchk+vTGB143xuFjHS3deTgkKoXXymXqymiIdA==
  dependencies:
    inherits "^2.0.3"
    string_decoder "^1.1.1"
    util-deprecate "^1.0.1"

safe-buffer@~5.1.0, safe-buffer@~5.1.1:
  version "5.1.2"
  resolved "https://registry.yarnpkg.com/safe-buffer/-/safe-buffer-5.1.2.tgz#991ec69d296e0313747d59bdfd2b745c35f8828d"
  integrity sha512-Gd2UZBJDkXlY7GbJxfsE8/nvKkUEU1G38c1siN6QP6a9PT9MmHB8GnpscSmMJSoF8LOIrt8ud/wPtojys4G6+g==

safe-buffer@~5.2.0:
  version "5.2.1"
  resolved "https://registry.yarnpkg.com/safe-buffer/-/safe-buffer-5.2.1.tgz#1eaf9fa9bdb1fdd4ec75f58f9cdb4e6b7827eec6"
  integrity sha512-rp3So07KcdmmKbGvgaNxQSJr7bGVSVk5S9Eq1F+ppbRo70+YeaDxkw5Dd8NPN+GD6bjnYm2VuPuCXmpuYvmCXQ==

sax@1.2.1:
  version "1.2.1"
  resolved "https://registry.yarnpkg.com/sax/-/sax-1.2.1.tgz#7b8e656190b228e81a66aea748480d828cd2d37a"
  integrity sha1-e45lYZCyKOgaZq6nSEgNgozS03o=

sax@>=0.6.0:
  version "1.2.4"
  resolved "https://registry.yarnpkg.com/sax/-/sax-1.2.4.tgz#2816234e2378bddc4e5354fab5caa895df7100d9"
  integrity sha512-NqVDv9TpANUjFm0N8uM5GxL36UgKi9/atZw+x7YFnQ8ckwFGKrl4xX4yWtrey3UJm5nP1kUbnYgLopqWNSRhWw==

simple-swizzle@^0.2.2:
  version "0.2.2"
  resolved "https://registry.yarnpkg.com/simple-swizzle/-/simple-swizzle-0.2.2.tgz#a4da6b635ffcccca33f70d17cb92592de95e557a"
  integrity sha1-pNprY1/8zMoz9w0Xy5JZLeleVXo=
  dependencies:
    is-arrayish "^0.3.1"

stack-trace@0.0.x:
  version "0.0.10"
  resolved "https://registry.yarnpkg.com/stack-trace/-/stack-trace-0.0.10.tgz#547c70b347e8d32b4e108ea1a2a159e5fdde19c0"
  integrity sha1-VHxws0fo0ytOEI6hoqFZ5f3eGcA=

string_decoder@^1.1.1:
  version "1.3.0"
  resolved "https://registry.yarnpkg.com/string_decoder/-/string_decoder-1.3.0.tgz#42f114594a46cf1a8e30b0a84f56c78c3edac21e"
  integrity sha512-hkRX8U1WjJFd8LsDJ2yQ/wWWxaopEsABU1XfkM8A+j0+85JAGppt16cr1Whg6KIbb4okU6Mql6BOj+uup/wKeA==
  dependencies:
    safe-buffer "~5.2.0"

string_decoder@~1.1.1:
  version "1.1.1"
  resolved "https://registry.yarnpkg.com/string_decoder/-/string_decoder-1.1.1.tgz#9cf1611ba62685d7030ae9e4ba34149c3af03fc8"
  integrity sha512-n/ShnvDi6FHbbVfviro+WojiFzv+s8MPMHBczVePfUpDJLwoLT0ht1l4YwBCbi8pJAveEEdnkHyPyTP/mzRfwg==
  dependencies:
    safe-buffer "~5.1.0"

text-hex@1.0.x:
  version "1.0.0"
  resolved "https://registry.yarnpkg.com/text-hex/-/text-hex-1.0.0.tgz#69dc9c1b17446ee79a92bf5b884bb4b9127506f5"
  integrity sha512-uuVGNWzgJ4yhRaNSiubPY7OjISw4sw4E5Uv0wbjp+OzcbmVU/rsT8ujgcXJhn9ypzsgr5vlzpPqP+MBBKcGvbg==

triple-beam@^1.2.0, triple-beam@^1.3.0:
  version "1.3.0"
  resolved "https://registry.yarnpkg.com/triple-beam/-/triple-beam-1.3.0.tgz#a595214c7298db8339eeeee083e4d10bd8cb8dd9"
  integrity sha512-XrHUvV5HpdLmIj4uVMxHggLbFSZYIn7HEWsqePZcI50pco+MPqJ50wMGY794X7AOOhxOBAjbkqfAbEe/QMp2Lw==

url@0.10.3:
  version "0.10.3"
  resolved "https://registry.yarnpkg.com/url/-/url-0.10.3.tgz#021e4d9c7705f21bbf37d03ceb58767402774c64"
  integrity sha1-Ah5NnHcF8hu/N9A861h2dAJ3TGQ=
  dependencies:
    punycode "1.3.2"
    querystring "0.2.0"

util-deprecate@^1.0.1, util-deprecate@~1.0.1:
  version "1.0.2"
  resolved "https://registry.yarnpkg.com/util-deprecate/-/util-deprecate-1.0.2.tgz#450d4dc9fa70de732762fbd2d4a28981419a0ccf"
  integrity sha1-RQ1Nyfpw3nMnYvvS1KKJgUGaDM8=

uuid@3.3.2:
  version "3.3.2"
  resolved "https://registry.yarnpkg.com/uuid/-/uuid-3.3.2.tgz#1b4af4955eb3077c501c23872fc6513811587131"
  integrity sha512-yXJmeNaw3DnnKAOKJE51sL/ZaYfWJRl1pK9dr19YFCu0ObS231AB1/LbqTKRAQ5kw8A90rA6fr4riOUpTZvQZA==

winston-transport@^4.3.0:
  version "4.3.0"
  resolved "https://registry.yarnpkg.com/winston-transport/-/winston-transport-4.3.0.tgz#df68c0c202482c448d9b47313c07304c2d7c2c66"
  integrity sha512-B2wPuwUi3vhzn/51Uukcao4dIduEiPOcOt9HJ3QeaXgkJ5Z7UwpBzxS4ZGNHtrxrUvTwemsQiSys0ihOf8Mp1A==
  dependencies:
    readable-stream "^2.3.6"
    triple-beam "^1.2.0"

winston@^3.2.1:
  version "3.2.1"
  resolved "https://registry.yarnpkg.com/winston/-/winston-3.2.1.tgz#63061377976c73584028be2490a1846055f77f07"
  integrity sha512-zU6vgnS9dAWCEKg/QYigd6cgMVVNwyTzKs81XZtTFuRwJOcDdBg7AU0mXVyNbs7O5RH2zdv+BdNZUlx7mXPuOw==
  dependencies:
    async "^2.6.1"
    diagnostics "^1.1.1"
    is-stream "^1.1.0"
    logform "^2.1.1"
    one-time "0.0.4"
    readable-stream "^3.1.1"
    stack-trace "0.0.x"
    triple-beam "^1.3.0"
    winston-transport "^4.3.0"

xml2js@0.4.19:
  version "0.4.19"
  resolved "https://registry.yarnpkg.com/xml2js/-/xml2js-0.4.19.tgz#686c20f213209e94abf0d1bcf1efaa291c7827a7"
  integrity sha512-esZnJZJOiJR9wWKMyuvSE1y6Dq5LCuJanqhxslH2bxM6duahNZ+HMpCLhBQGZkbX6xRf8x1Y2eJlgt2q3qo49Q==
  dependencies:
    sax ">=0.6.0"
    xmlbuilder "~9.0.1"

xmlbuilder@~9.0.1:
  version "9.0.7"
  resolved "https://registry.yarnpkg.com/xmlbuilder/-/xmlbuilder-9.0.7.tgz#132ee63d2ec5565c557e20f4c22df9aca686b10d"
  integrity sha1-Ey7mPS7FVlxVfiD0wi35rKaGsQ0=
